// !$*UTF8*$!
{
	archiveVersion = 1;
	classes = {
	};
	objectVersion = 56;
	objects = {

/* Begin PBXBuildFile section */
		6636717A2B2F826600FC6234 /* FlightTrackerApp.swift in Sources */ = {isa = PBXBuildFile; fileRef = 663671792B2F826600FC6234 /* FlightTrackerApp.swift */; };
		6636717C2B2F826600FC6234 /* ContentView.swift in Sources */ = {isa = PBXBuildFile; fileRef = 6636717B2B2F826600FC6234 /* ContentView.swift */; };
		6636717E2B2F826900FC6234 /* Assets.xcassets in Resources */ = {isa = PBXBuildFile; fileRef = 6636717D2B2F826900FC6234 /* Assets.xcassets */; };
		663671812B2F826900FC6234 /* Preview Assets.xcassets in Resources */ = {isa = PBXBuildFile; fileRef = 663671802B2F826900FC6234 /* Preview Assets.xcassets */; };
		6636718A2B2F84FE00FC6234 /* FlightTrackerVM.swift in Sources */ = {isa = PBXBuildFile; fileRef = 663671892B2F84FE00FC6234 /* FlightTrackerVM.swift */; };
		66389C132B335EEA00B56CB1 /* FlightInfoView.swift in Sources */ = {isa = PBXBuildFile; fileRef = 66389C122B335EEA00B56CB1 /* FlightInfoView.swift */; };
		66391EA12B3240CF00EDABB0 /* InputView.swift in Sources */ = {isa = PBXBuildFile; fileRef = 66391EA02B3240CF00EDABB0 /* InputView.swift */; };
		66A227A12B30646600C46E65 /* Flight.swift in Sources */ = {isa = PBXBuildFile; fileRef = 66A227A02B30646600C46E65 /* Flight.swift */; };
		66A227A32B30658D00C46E65 /* FlightNetworkService.swift in Sources */ = {isa = PBXBuildFile; fileRef = 66A227A22B30658D00C46E65 /* FlightNetworkService.swift */; };
		66AD01E42B30940B0023D2C8 /* flight-iata-filter.json in Resources */ = {isa = PBXBuildFile; fileRef = 66AD01E32B30940B0023D2C8 /* flight-iata-filter.json */; };
/* End PBXBuildFile section */

/* Begin PBXFileReference section */
		663671762B2F826600FC6234 /* FlightTracker.app */ = {isa = PBXFileReference; explicitFileType = wrapper.application; includeInIndex = 0; path = FlightTracker.app; sourceTree = BUILT_PRODUCTS_DIR; };
		663671792B2F826600FC6234 /* FlightTrackerApp.swift */ = {isa = PBXFileReference; lastKnownFileType = sourcecode.swift; path = FlightTrackerApp.swift; sourceTree = "<group>"; };
		6636717B2B2F826600FC6234 /* ContentView.swift */ = {isa = PBXFileReference; lastKnownFileType = sourcecode.swift; path = ContentView.swift; sourceTree = "<group>"; };
		6636717D2B2F826900FC6234 /* Assets.xcassets */ = {isa = PBXFileReference; lastKnownFileType = folder.assetcatalog; path = Assets.xcassets; sourceTree = "<group>"; };
		663671802B2F826900FC6234 /* Preview Assets.xcassets */ = {isa = PBXFileReference; lastKnownFileType = folder.assetcatalog; path = "Preview Assets.xcassets"; sourceTree = "<group>"; };
		663671892B2F84FE00FC6234 /* FlightTrackerVM.swift */ = {isa = PBXFileReference; lastKnownFileType = sourcecode.swift; path = FlightTrackerVM.swift; sourceTree = "<group>"; };
		66389C122B335EEA00B56CB1 /* FlightInfoView.swift */ = {isa = PBXFileReference; lastKnownFileType = sourcecode.swift; path = FlightInfoView.swift; sourceTree = "<group>"; };
		66391EA02B3240CF00EDABB0 /* InputView.swift */ = {isa = PBXFileReference; lastKnownFileType = sourcecode.swift; path = InputView.swift; sourceTree = "<group>"; };
		66A227A02B30646600C46E65 /* Flight.swift */ = {isa = PBXFileReference; lastKnownFileType = sourcecode.swift; path = Flight.swift; sourceTree = "<group>"; };
		66A227A22B30658D00C46E65 /* FlightNetworkService.swift */ = {isa = PBXFileReference; lastKnownFileType = sourcecode.swift; path = FlightNetworkService.swift; sourceTree = "<group>"; };
		66AD01E32B30940B0023D2C8 /* flight-iata-filter.json */ = {isa = PBXFileReference; fileEncoding = 4; lastKnownFileType = text.json; name = "flight-iata-filter.json"; path = "../../../../../Library/Mobile Documents/com~apple~CloudDocs/School/HI1033/Lab2/JSON-filer/flight-iata-filter.json"; sourceTree = "<group>"; };
/* End PBXFileReference section */

/* Begin PBXFrameworksBuildPhase section */
		663671732B2F826600FC6234 /* Frameworks */ = {
			isa = PBXFrameworksBuildPhase;
			buildActionMask = 2147483647;
			files = (
			);
			runOnlyForDeploymentPostprocessing = 0;
		};
/* End PBXFrameworksBuildPhase section */

/* Begin PBXGroup section */
		6636716D2B2F826600FC6234 = {
			isa = PBXGroup;
			children = (
				663671782B2F826600FC6234 /* FlightTracker */,
				663671772B2F826600FC6234 /* Products */,
			);
			sourceTree = "<group>";
		};
		663671772B2F826600FC6234 /* Products */ = {
			isa = PBXGroup;
			children = (
				663671762B2F826600FC6234 /* FlightTracker.app */,
			);
			name = Products;
			sourceTree = "<group>";
		};
		663671782B2F826600FC6234 /* FlightTracker */ = {
			isa = PBXGroup;
			children = (
				66AD01E22B3093A10023D2C8 /* resource */,
				663671872B2F84DD00FC6234 /* model */,
				663671882B2F84E200FC6234 /* view */,
				663671792B2F826600FC6234 /* FlightTrackerApp.swift */,
				663671892B2F84FE00FC6234 /* FlightTrackerVM.swift */,
				6636717D2B2F826900FC6234 /* Assets.xcassets */,
				6636717F2B2F826900FC6234 /* Preview Content */,
			);
			path = FlightTracker;
			sourceTree = "<group>";
		};
		6636717F2B2F826900FC6234 /* Preview Content */ = {
			isa = PBXGroup;
			children = (
				663671802B2F826900FC6234 /* Preview Assets.xcassets */,
			);
			path = "Preview Content";
			sourceTree = "<group>";
		};
		663671872B2F84DD00FC6234 /* model */ = {
			isa = PBXGroup;
			children = (
				66A227A02B30646600C46E65 /* Flight.swift */,
				66A227A22B30658D00C46E65 /* FlightNetworkService.swift */,
			);
			path = model;
			sourceTree = "<group>";
		};
		663671882B2F84E200FC6234 /* view */ = {
			isa = PBXGroup;
			children = (
				6636717B2B2F826600FC6234 /* ContentView.swift */,
				66391EA02B3240CF00EDABB0 /* InputView.swift */,
				66389C122B335EEA00B56CB1 /* FlightInfoView.swift */,
			);
			path = view;
			sourceTree = "<group>";
		};
		66AD01E22B3093A10023D2C8 /* resource */ = {
			isa = PBXGroup;
			children = (
				66AD01E32B30940B0023D2C8 /* flight-iata-filter.json */,
			);
			path = resource;
			sourceTree = "<group>";
		};
/* End PBXGroup section */

/* Begin PBXNativeTarget section */
		663671752B2F826600FC6234 /* FlightTracker */ = {
			isa = PBXNativeTarget;
			buildConfigurationList = 663671842B2F826900FC6234 /* Build configuration list for PBXNativeTarget "FlightTracker" */;
			buildPhases = (
				663671722B2F826600FC6234 /* Sources */,
				663671732B2F826600FC6234 /* Frameworks */,
				663671742B2F826600FC6234 /* Resources */,
			);
			buildRules = (
			);
			dependencies = (
			);
			name = FlightTracker;
			productName = FlightTracker;
			productReference = 663671762B2F826600FC6234 /* FlightTracker.app */;
			productType = "com.apple.product-type.application";
		};
/* End PBXNativeTarget section */

/* Begin PBXProject section */
		6636716E2B2F826600FC6234 /* Project object */ = {
			isa = PBXProject;
			attributes = {
				BuildIndependentTargetsInParallel = 1;
				LastSwiftUpdateCheck = 1500;
				LastUpgradeCheck = 1500;
				TargetAttributes = {
					663671752B2F826600FC6234 = {
						CreatedOnToolsVersion = 15.0.1;
					};
				};
			};
			buildConfigurationList = 663671712B2F826600FC6234 /* Build configuration list for PBXProject "FlightTracker" */;
			compatibilityVersion = "Xcode 14.0";
			developmentRegion = en;
			hasScannedForEncodings = 0;
			knownRegions = (
				en,
				Base,
			);
			mainGroup = 6636716D2B2F826600FC6234;
			productRefGroup = 663671772B2F826600FC6234 /* Products */;
			projectDirPath = "";
			projectRoot = "";
			targets = (
				663671752B2F826600FC6234 /* FlightTracker */,
			);
		};
/* End PBXProject section */

/* Begin PBXResourcesBuildPhase section */
		663671742B2F826600FC6234 /* Resources */ = {
			isa = PBXResourcesBuildPhase;
			buildActionMask = 2147483647;
			files = (
				66AD01E42B30940B0023D2C8 /* flight-iata-filter.json in Resources */,
				663671812B2F826900FC6234 /* Preview Assets.xcassets in Resources */,
				6636717E2B2F826900FC6234 /* Assets.xcassets in Resources */,
			);
			runOnlyForDeploymentPostprocessing = 0;
		};
/* End PBXResourcesBuildPhase section */

/* Begin PBXSourcesBuildPhase section */
		663671722B2F826600FC6234 /* Sources */ = {
			isa = PBXSourcesBuildPhase;
			buildActionMask = 2147483647;
			files = (
				66A227A32B30658D00C46E65 /* FlightNetworkService.swift in Sources */,
				6636717C2B2F826600FC6234 /* ContentView.swift in Sources */,
				66389C132B335EEA00B56CB1 /* FlightInfoView.swift in Sources */,
				6636718A2B2F84FE00FC6234 /* FlightTrackerVM.swift in Sources */,
				6636717A2B2F826600FC6234 /* FlightTrackerApp.swift in Sources */,
				66A227A12B30646600C46E65 /* Flight.swift in Sources */,
				66391EA12B3240CF00EDABB0 /* InputView.swift in Sources */,
			);
			runOnlyForDeploymentPostprocessing = 0;
		};
/* End PBXSourcesBuildPhase section */

/* Begin XCBuildConfiguration section */
		663671822B2F826900FC6234 /* Debug */ = {
			isa = XCBuildConfiguration;
			buildSettings = {
				ALWAYS_SEARCH_USER_PATHS = NO;
				ASSETCATALOG_COMPILER_GENERATE_SWIFT_ASSET_SYMBOL_EXTENSIONS = YES;
				CLANG_ANALYZER_NONNULL = YES;
				CLANG_ANALYZER_NUMBER_OBJECT_CONVERSION = YES_AGGRESSIVE;
				CLANG_CXX_LANGUAGE_STANDARD = "gnu++20";
				CLANG_ENABLE_MODULES = YES;
				CLANG_ENABLE_OBJC_ARC = YES;
				CLANG_ENABLE_OBJC_WEAK = YES;
				CLANG_WARN_BLOCK_CAPTURE_AUTORELEASING = YES;
				CLANG_WARN_BOOL_CONVERSION = YES;
				CLANG_WARN_COMMA = YES;
				CLANG_WARN_CONSTANT_CONVERSION = YES;
				CLANG_WARN_DEPRECATED_OBJC_IMPLEMENTATIONS = YES;
				CLANG_WARN_DIRECT_OBJC_ISA_USAGE = YES_ERROR;
				CLANG_WARN_DOCUMENTATION_COMMENTS = YES;
				CLANG_WARN_EMPTY_BODY = YES;
				CLANG_WARN_ENUM_CONVERSION = YES;
				CLANG_WARN_INFINITE_RECURSION = YES;
				CLANG_WARN_INT_CONVERSION = YES;
				CLANG_WARN_NON_LITERAL_NULL_CONVERSION = YES;
				CLANG_WARN_OBJC_IMPLICIT_RETAIN_SELF = YES;
				CLANG_WARN_OBJC_LITERAL_CONVERSION = YES;
				CLANG_WARN_OBJC_ROOT_CLASS = YES_ERROR;
				CLANG_WARN_QUOTED_INCLUDE_IN_FRAMEWORK_HEADER = YES;
				CLANG_WARN_RANGE_LOOP_ANALYSIS = YES;
				CLANG_WARN_STRICT_PROTOTYPES = YES;
				CLANG_WARN_SUSPICIOUS_MOVE = YES;
				CLANG_WARN_UNGUARDED_AVAILABILITY = YES_AGGRESSIVE;
				CLANG_WARN_UNREACHABLE_CODE = YES;
				CLANG_WARN__DUPLICATE_METHOD_MATCH = YES;
				COPY_PHASE_STRIP = NO;
				DEBUG_INFORMATION_FORMAT = dwarf;
				ENABLE_STRICT_OBJC_MSGSEND = YES;
				ENABLE_TESTABILITY = YES;
				ENABLE_USER_SCRIPT_SANDBOXING = YES;
				GCC_C_LANGUAGE_STANDARD = gnu17;
				GCC_DYNAMIC_NO_PIC = NO;
				GCC_NO_COMMON_BLOCKS = YES;
				GCC_OPTIMIZATION_LEVEL = 0;
				GCC_PREPROCESSOR_DEFINITIONS = (
					"DEBUG=1",
					"$(inherited)",
				);
				GCC_WARN_64_TO_32_BIT_CONVERSION = YES;
				GCC_WARN_ABOUT_RETURN_TYPE = YES_ERROR;
				GCC_WARN_UNDECLARED_SELECTOR = YES;
				GCC_WARN_UNINITIALIZED_AUTOS = YES_AGGRESSIVE;
				GCC_WARN_UNUSED_FUNCTION = YES;
				GCC_WARN_UNUSED_VARIABLE = YES;
				IPHONEOS_DEPLOYMENT_TARGET = 17.0;
				LOCALIZATION_PREFERS_STRING_CATALOGS = YES;
				MTL_ENABLE_DEBUG_INFO = INCLUDE_SOURCE;
				MTL_FAST_MATH = YES;
				ONLY_ACTIVE_ARCH = YES;
				SDKROOT = iphoneos;
				SWIFT_ACTIVE_COMPILATION_CONDITIONS = "DEBUG $(inherited)";
				SWIFT_OPTIMIZATION_LEVEL = "-Onone";
			};
			name = Debug;
		};
		663671832B2F826900FC6234 /* Release */ = {
			isa = XCBuildConfiguration;
			buildSettings = {
				ALWAYS_SEARCH_USER_PATHS = NO;
				ASSETCATALOG_COMPILER_GENERATE_SWIFT_ASSET_SYMBOL_EXTENSIONS = YES;
				CLANG_ANALYZER_NONNULL = YES;
				CLANG_ANALYZER_NUMBER_OBJECT_CONVERSION = YES_AGGRESSIVE;
				CLANG_CXX_LANGUAGE_STANDARD = "gnu++20";
				CLANG_ENABLE_MODULES = YES;
				CLANG_ENABLE_OBJC_ARC = YES;
				CLANG_ENABLE_OBJC_WEAK = YES;
				CLANG_WARN_BLOCK_CAPTURE_AUTORELEASING = YES;
				CLANG_WARN_BOOL_CONVERSION = YES;
				CLANG_WARN_COMMA = YES;
				CLANG_WARN_CONSTANT_CONVERSION = YES;
				CLANG_WARN_DEPRECATED_OBJC_IMPLEMENTATIONS = YES;
				CLANG_WARN_DIRECT_OBJC_ISA_USAGE = YES_ERROR;
				CLANG_WARN_DOCUMENTATION_COMMENTS = YES;
				CLANG_WARN_EMPTY_BODY = YES;
				CLANG_WARN_ENUM_CONVERSION = YES;
				CLANG_WARN_INFINITE_RECURSION = YES;
				CLANG_WARN_INT_CONVERSION = YES;
				CLANG_WARN_NON_LITERAL_NULL_CONVERSION = YES;
				CLANG_WARN_OBJC_IMPLICIT_RETAIN_SELF = YES;
				CLANG_WARN_OBJC_LITERAL_CONVERSION = YES;
				CLANG_WARN_OBJC_ROOT_CLASS = YES_ERROR;
				CLANG_WARN_QUOTED_INCLUDE_IN_FRAMEWORK_HEADER = YES;
				CLANG_WARN_RANGE_LOOP_ANALYSIS = YES;
				CLANG_WARN_STRICT_PROTOTYPES = YES;
				CLANG_WARN_SUSPICIOUS_MOVE = YES;
				CLANG_WARN_UNGUARDED_AVAILABILITY = YES_AGGRESSIVE;
				CLANG_WARN_UNREACHABLE_CODE = YES;
				CLANG_WARN__DUPLICATE_METHOD_MATCH = YES;
				COPY_PHASE_STRIP = NO;
				DEBUG_INFORMATION_FORMAT = "dwarf-with-dsym";
				ENABLE_NS_ASSERTIONS = NO;
				ENABLE_STRICT_OBJC_MSGSEND = YES;
				ENABLE_USER_SCRIPT_SANDBOXING = YES;
				GCC_C_LANGUAGE_STANDARD = gnu17;
				GCC_NO_COMMON_BLOCKS = YES;
				GCC_WARN_64_TO_32_BIT_CONVERSION = YES;
				GCC_WARN_ABOUT_RETURN_TYPE = YES_ERROR;
				GCC_WARN_UNDECLARED_SELECTOR = YES;
				GCC_WARN_UNINITIALIZED_AUTOS = YES_AGGRESSIVE;
				GCC_WARN_UNUSED_FUNCTION = YES;
				GCC_WARN_UNUSED_VARIABLE = YES;
				IPHONEOS_DEPLOYMENT_TARGET = 17.0;
				LOCALIZATION_PREFERS_STRING_CATALOGS = YES;
				MTL_ENABLE_DEBUG_INFO = NO;
				MTL_FAST_MATH = YES;
				SDKROOT = iphoneos;
				SWIFT_COMPILATION_MODE = wholemodule;
				VALIDATE_PRODUCT = YES;
			};
			name = Release;
		};
		663671852B2F826900FC6234 /* Debug */ = {
			isa = XCBuildConfiguration;
			buildSettings = {
				ASSETCATALOG_COMPILER_APPICON_NAME = AppIcon;
				ASSETCATALOG_COMPILER_GLOBAL_ACCENT_COLOR_NAME = AccentColor;
				CODE_SIGN_STYLE = Automatic;
				CURRENT_PROJECT_VERSION = 1;
				DEVELOPMENT_ASSET_PATHS = "\"FlightTracker/Preview Content\"";
				DEVELOPMENT_TEAM = 2K5M8T7W7F;
				ENABLE_PREVIEWS = YES;
				GENERATE_INFOPLIST_FILE = YES;
				INFOPLIST_KEY_CFBundleDisplayName = "Flight Tracker";
				INFOPLIST_KEY_UIApplicationSceneManifest_Generation = YES;
				INFOPLIST_KEY_UIApplicationSupportsIndirectInputEvents = YES;
				INFOPLIST_KEY_UILaunchScreen_Generation = YES;
				INFOPLIST_KEY_UISupportedInterfaceOrientations_iPad = "UIInterfaceOrientationPortrait UIInterfaceOrientationPortraitUpsideDown UIInterfaceOrientationLandscapeLeft UIInterfaceOrientationLandscapeRight";
				INFOPLIST_KEY_UISupportedInterfaceOrientations_iPhone = "UIInterfaceOrientationPortrait UIInterfaceOrientationLandscapeLeft UIInterfaceOrientationLandscapeRight";
				LD_RUNPATH_SEARCH_PATHS = (
					"$(inherited)",
					"@executable_path/Frameworks",
				);
				MARKETING_VERSION = 1.0;
				PRODUCT_BUNDLE_IDENTIFIER = "se.esaiasb.flight-tracker";
				PRODUCT_NAME = "$(TARGET_NAME)";
				SWIFT_EMIT_LOC_STRINGS = YES;
				SWIFT_VERSION = 5.0;
				TARGETED_DEVICE_FAMILY = "1,2";
			};
			name = Debug;
		};
		663671862B2F826900FC6234 /* Release */ = {
			isa = XCBuildConfiguration;
			buildSettings = {
				ASSETCATALOG_COMPILER_APPICON_NAME = AppIcon;
				ASSETCATALOG_COMPILER_GLOBAL_ACCENT_COLOR_NAME = AccentColor;
				CODE_SIGN_STYLE = Automatic;
				CURRENT_PROJECT_VERSION = 1;
				DEVELOPMENT_ASSET_PATHS = "\"FlightTracker/Preview Content\"";
				DEVELOPMENT_TEAM = 2K5M8T7W7F;
				ENABLE_PREVIEWS = YES;
				GENERATE_INFOPLIST_FILE = YES;
				INFOPLIST_KEY_CFBundleDisplayName = "Flight Tracker";
				INFOPLIST_KEY_UIApplicationSceneManifest_Generation = YES;
				INFOPLIST_KEY_UIApplicationSupportsIndirectInputEvents = YES;
				INFOPLIST_KEY_UILaunchScreen_Generation = YES;
				INFOPLIST_KEY_UISupportedInterfaceOrientations_iPad = "UIInterfaceOrientationPortrait UIInterfaceOrientationPortraitUpsideDown UIInterfaceOrientationLandscapeLeft UIInterfaceOrientationLandscapeRight";
				INFOPLIST_KEY_UISupportedInterfaceOrientations_iPhone = "UIInterfaceOrientationPortrait UIInterfaceOrientationLandscapeLeft UIInterfaceOrientationLandscapeRight";
				LD_RUNPATH_SEARCH_PATHS = (
					"$(inherited)",
					"@executable_path/Frameworks",
				);
				MARKETING_VERSION = 1.0;
				PRODUCT_BUNDLE_IDENTIFIER = "se.esaiasb.flight-tracker";
				PRODUCT_NAME = "$(TARGET_NAME)";
				SWIFT_EMIT_LOC_STRINGS = YES;
				SWIFT_VERSION = 5.0;
				TARGETED_DEVICE_FAMILY = "1,2";
			};
			name = Release;
		};
/* End XCBuildConfiguration section */

/* Begin XCConfigurationList section */
		663671712B2F826600FC6234 /* Build configuration list for PBXProject "FlightTracker" */ = {
			isa = XCConfigurationList;
			buildConfigurations = (
				663671822B2F826900FC6234 /* Debug */,
				663671832B2F826900FC6234 /* Release */,
			);
			defaultConfigurationIsVisible = 0;
			defaultConfigurationName = Release;
		};
		663671842B2F826900FC6234 /* Build configuration list for PBXNativeTarget "FlightTracker" */ = {
			isa = XCConfigurationList;
			buildConfigurations = (
				663671852B2F826900FC6234 /* Debug */,
				663671862B2F826900FC6234 /* Release */,
			);
			defaultConfigurationIsVisible = 0;
			defaultConfigurationName = Release;
		};
/* End XCConfigurationList section */
	};
	rootObject = 6636716E2B2F826600FC6234 /* Project object */;
}
